
Microsoft Visual Studio Solution File, Format Version 12.00
# Visual Studio 15
VisualStudioVersion = 15.0.27428.2027
MinimumVisualStudioVersion = 10.0.40219.1
Project("{FAE04EC0-301F-11D3-BF4B-00C04F79EFBC}") = "AspNetEsercitazioni", "AspNetEsercitazioni\AspNetEsercitazioni.csproj", "{919F757F-6012-425D-A230-E2E9F06B53F9}"
EndProject
Project("{FAE04EC0-301F-11D3-BF4B-00C04F79EFBC}") = "AspNetEsercitazioni.Tests", "AspNetEsercitazioni.Tests\AspNetEsercitazioni.Tests.csproj", "{B968BDD8-B588-4B66-891B-48D1A3730B98}"
EndProject
Global
	GlobalSection(SolutionConfigurationPlatforms) = preSolution
		Debug|Any CPU = Debug|Any CPU
		Release|Any CPU = Release|Any CPU
	EndGlobalSection
	GlobalSection(ProjectConfigurationPlatforms) = postSolution
		{919F757F-6012-425D-A230-E2E9F06B53F9}.Debug|Any CPU.ActiveCfg = Debug|Any CPU
		{919F757F-6012-425D-A230-E2E9F06B53F9}.Debug|Any CPU.Build.0 = Debug|Any CPU
		{919F757F-6012-425D-A230-E2E9F06B53F9}.Release|Any CPU.ActiveCfg = Release|Any CPU
		{919F757F-6012-425D-A230-E2E9F06B53F9}.Release|Any CPU.Build.0 = Release|Any CPU
		{B968BDD8-B588-4B66-891B-48D1A3730B98}.Debug|Any CPU.ActiveCfg = Debug|Any CPU
		{B968BDD8-B588-4B66-891B-48D1A3730B98}.Debug|Any CPU.Build.0 = Debug|Any CPU
		{B968BDD8-B588-4B66-891B-48D1A3730B98}.Release|Any CPU.ActiveCfg = Release|Any CPU
		{B968BDD8-B588-4B66-891B-48D1A3730B98}.Release|Any CPU.Build.0 = Release|Any CPU
	EndGlobalSection
	GlobalSection(SolutionProperties) = preSolution
		HideSolutionNode = FALSE
	EndGlobalSection
	GlobalSection(ExtensibilityGlobals) = postSolution
		SolutionGuid = {A3BA1CF4-38DA-45E5-8003-E557FFB0695B}
	EndGlobalSection
EndGlobal
